
Microsoft Visual Studio Solution File, Format Version 12.00
# Visual Studio Version 17
VisualStudioVersion = 17.1.32319.34
MinimumVisualStudioVersion = 10.0.40219.1
Project("{9A19103F-16F7-4668-BE54-9A1E7A4F7556}") = "API", "API\API.csproj", "{04F6120C-1AD1-4857-A426-CFE670D0F0C3}"
EndProject
Project("{9A19103F-16F7-4668-BE54-9A1E7A4F7556}") = "API.Tests.Unit", "API.Tests.Unit\API.Tests.Unit.csproj", "{FBBB5787-0C82-4EDE-9718-1B2957CEBB9A}"
EndProject
Project("{00D1A9C2-B5F0-4AF3-8072-F6C62B433612}") = "Database", "Database\Database.sqlproj", "{3E6D7DF4-7694-47E9-B50F-05A1835CF3EE}"
EndProject
Global
	GlobalSection(SolutionConfigurationPlatforms) = preSolution
		Debug|Any CPU = Debug|Any CPU
		Release|Any CPU = Release|Any CPU
	EndGlobalSection
	GlobalSection(ProjectConfigurationPlatforms) = postSolution
		{04F6120C-1AD1-4857-A426-CFE670D0F0C3}.Debug|Any CPU.ActiveCfg = Debug|Any CPU
		{04F6120C-1AD1-4857-A426-CFE670D0F0C3}.Debug|Any CPU.Build.0 = Debug|Any CPU
		{04F6120C-1AD1-4857-A426-CFE670D0F0C3}.Release|Any CPU.ActiveCfg = Release|Any CPU
		{04F6120C-1AD1-4857-A426-CFE670D0F0C3}.Release|Any CPU.Build.0 = Release|Any CPU
		{FBBB5787-0C82-4EDE-9718-1B2957CEBB9A}.Debug|Any CPU.ActiveCfg = Debug|Any CPU
		{FBBB5787-0C82-4EDE-9718-1B2957CEBB9A}.Debug|Any CPU.Build.0 = Debug|Any CPU
		{FBBB5787-0C82-4EDE-9718-1B2957CEBB9A}.Release|Any CPU.ActiveCfg = Release|Any CPU
		{FBBB5787-0C82-4EDE-9718-1B2957CEBB9A}.Release|Any CPU.Build.0 = Release|Any CPU
		{3E6D7DF4-7694-47E9-B50F-05A1835CF3EE}.Debug|Any CPU.ActiveCfg = Debug|Any CPU
		{3E6D7DF4-7694-47E9-B50F-05A1835CF3EE}.Debug|Any CPU.Build.0 = Debug|Any CPU
		{3E6D7DF4-7694-47E9-B50F-05A1835CF3EE}.Debug|Any CPU.Deploy.0 = Debug|Any CPU
		{3E6D7DF4-7694-47E9-B50F-05A1835CF3EE}.Release|Any CPU.ActiveCfg = Release|Any CPU
		{3E6D7DF4-7694-47E9-B50F-05A1835CF3EE}.Release|Any CPU.Build.0 = Release|Any CPU
		{3E6D7DF4-7694-47E9-B50F-05A1835CF3EE}.Release|Any CPU.Deploy.0 = Release|Any CPU
	EndGlobalSection
	GlobalSection(SolutionProperties) = preSolution
		HideSolutionNode = FALSE
	EndGlobalSection
	GlobalSection(ExtensibilityGlobals) = postSolution
		SolutionGuid = {4EE380CB-F267-49A5-BE30-1B5E374E05EB}
	EndGlobalSection
EndGlobal
